<?xml version="1.0" encoding="UTF-8" standalone="yes" ?>
<CodeBlocks_project_file>
	<FileVersion major="1" minor="6" />
	<Project>
		<Option title="Collision Maps" />
		<Option pch_mode="2" />
		<Option compiler="gcc" />
		<Build>
			<Target title="WIN - Debug">
				<Option platforms="Windows;" />
				<Option output="./Demo_Collision_Maps" prefix_auto="1" extension_auto="1" />
				<Option object_output="obj/win_debug/" />
				<Option type="1" />
				<Option compiler="gcc" />
				<Compiler>
					<Add option="-m64" />
					<Add option="-Og" />
					<Add option="-g" />
					<Add option="-DOS_WINDOWS" />
					<Add option="-DMODE_DEBUG" />
					<Add directory="$(CODEBLOCKS)/Libs/ngn/include" />
					<Add directory="$(CODEBLOCKS)/Libs/sdl2/include" />
					<Add directory="$(CODEBLOCKS)/Libs/sfml/include" />
				</Compiler>
				<Linker>
					<Add option="-m64" />
					<Add library="mingw32" />
					<Add library="ngn_d" />
					<Add library="SDL2main" />
					<Add library="SDL2" />
					<Add library="SDL2_ttf" />
					<Add library="sfml-audio-d" />
					<Add library="sfml-system-d" />
					<Add directory="$(CODEBLOCKS)/Libs/ngn/lib" />
					<Add directory="$(CODEBLOCKS)/Libs/sdl2/lib" />
					<Add directory="$(CODEBLOCKS)/Libs/sfml/lib" />
				</Linker>
			</Target>
			<Target title="WIN - Release">
				<Option platforms="Windows;" />
				<Option output="./Demo_Collision_Maps" prefix_auto="1" extension_auto="1" />
				<Option object_output="obj/win_release/" />
				<Option type="0" />
				<Option compiler="gcc" />
				<Compiler>
					<Add option="-O3" />
					<Add option="-m64" />
					<Add option="-DOS_WINDOWS" />
					<Add option="-DMODE_RELEASE" />
					<Add directory="$(CODEBLOCKS)/Libs/ngn/include" />
					<Add directory="$(CODEBLOCKS)/Libs/sdl2/include" />
					<Add directory="$(CODEBLOCKS)/Libs/sfml/include" />
				</Compiler>
				<Linker>
					<Add option="-s" />
					<Add option="-m64" />
					<Add library="mingw32" />
					<Add library="ngn" />
					<Add library="SDL2main" />
					<Add library="SDL2" />
					<Add library="SDL2_ttf" />
					<Add library="sfml-audio" />
					<Add library="sfml-system" />
					<Add directory="$(CODEBLOCKS)/Libs/ngn/lib" />
					<Add directory="$(CODEBLOCKS)/Libs/sdl2/lib" />
					<Add directory="$(CODEBLOCKS)/Libs/sfml/lib" />
				</Linker>
			</Target>
			<Target title="LINUX - Debug">
				<Option platforms="Unix;" />
				<Option output="./Demo_Collision_Maps" prefix_auto="1" extension_auto="1" />
				<Option object_output="obj/linux_debug/" />
				<Option type="1" />
				<Option compiler="gcc" />
				<Compiler>
					<Add option="-m64" />
					<Add option="-Og" />
					<Add option="-g" />
					<Add option="-DOS_LINUX" />
					<Add option="-DMODE_DEBUG" />
					<Add directory="/usr/local/include/NGN" />
					<Add directory="/usr/local/include/SDL2" />
					<Add directory="/usr/local/include/SFML" />
					<Add directory="/usr/include" />
				</Compiler>
				<Linker>
					<Add option="-m64" />
					<Add option="-Wl,-rpath,libs/x86_64-linux-gnu/" />
					<Add option="-Wl,--disable-new-dtags" />
					<Add library="ngn_d" />
					<Add library="SDL2" />
					<Add library="SDL2_ttf" />
					<Add library="sfml-audio" />
					<Add library="sfml-system" />
					<Add directory="/usr/local/lib" />
				</Linker>
			</Target>
			<Target title="LINUX - Release">
				<Option platforms="Unix;" />
				<Option output="./Demo_Collision_Maps" prefix_auto="1" extension_auto="1" />
				<Option object_output="obj/linux_release/" />
				<Option type="0" />
				<Option compiler="gcc" />
				<Compiler>
					<Add option="-O3" />
					<Add option="-m64" />
					<Add option="-DOS_LINUX" />
					<Add option="-DMODE_RELEASE" />
					<Add directory="/usr/local/include/NGN" />
					<Add directory="/usr/local/include/SDL2" />
					<Add directory="/usr/local/include/SFML" />
					<Add directory="/usr/include" />
				</Compiler>
				<Linker>
					<Add option="-s" />
					<Add option="-m64" />
					<Add option="-Wl,-rpath,libs/x86_64-linux-gnu/" />
					<Add option="-Wl,--disable-new-dtags" />
					<Add library="ngn" />
					<Add library="SDL2" />
					<Add library="SDL2_ttf" />
					<Add library="sfml-audio" />
					<Add library="sfml-system" />
					<Add directory="/usr/local/lib" />
				</Linker>
			</Target>
			<Target title="RASPBIAN - Debug">
				<Option platforms="Unix;" />
				<Option output="./Demo_Collision_Maps" prefix_auto="1" extension_auto="1" />
				<Option object_output="obj/raspbian_debug/" />
				<Option type="1" />
				<Option compiler="gcc" />
				<Compiler>
					<Add option="-Og" />
					<Add option="-g" />
					<Add option="-DOS_LINUX" />
					<Add option="-DMODE_DEBUG" />
					<Add directory="/usr/local/include/NGN" />
					<Add directory="/usr/local/include/SDL2" />
					<Add directory="/usr/local/include/SFML" />
					<Add directory="/usr/include" />
				</Compiler>
				<Linker>
					<Add option="-Wl,-rpath,libs/aarch64-linux-gnu/" />
					<Add option="-Wl,--disable-new-dtags" />
					<Add library="ngn_d" />
					<Add library="SDL2" />
					<Add library="SDL2_ttf" />
					<Add library="sfml-audio" />
					<Add library="sfml-system" />
					<Add directory="/usr/local/lib" />
				</Linker>
			</Target>
			<Target title="RASPBIAN - Release">
				<Option platforms="Unix;" />
				<Option output="./Demo_Collision_Maps" prefix_auto="1" extension_auto="1" />
				<Option object_output="obj/raspbian_release/" />
				<Option type="0" />
				<Option compiler="gcc" />
				<Compiler>
					<Add option="-O3" />
					<Add option="-DOS_LINUX" />
					<Add option="-DMODE_RELEASE" />
					<Add directory="/usr/local/include/NGN" />
					<Add directory="/usr/local/include/SDL2" />
					<Add directory="/usr/local/include/SFML" />
					<Add directory="/usr/include" />
				</Compiler>
				<Linker>
					<Add option="-s" />
					<Add option="-Wl,-rpath,libs/aarch64-linux-gnu/" />
					<Add option="-Wl,--disable-new-dtags" />
					<Add library="ngn" />
					<Add library="SDL2" />
					<Add library="SDL2_ttf" />
					<Add library="sfml-audio" />
					<Add library="sfml-system" />
					<Add directory="/usr/local/lib" />
				</Linker>
			</Target>
		</Build>
		<Compiler>
			<Add option="-Wall" />
			<Add option="-std=c++20" />
		</Compiler>
		<Unit filename="resource/resource.rc">
			<Option compilerVar="WINDRES" />
			<Option target="WIN - Debug" />
			<Option target="WIN - Release" />
		</Unit>
		<Unit filename="source/demo/demo.cpp" />
		<Unit filename="source/demo/demo.h" />
		<Unit filename="source/main.cpp" />
		<Extensions />
	</Project>
</CodeBlocks_project_file>
