<?xml version="1.0" encoding="UTF-8" standalone="yes" ?>
<CodeBlocks_project_file>
	<FileVersion major="1" minor="6" />
	<Project>
		<Option title="N&apos;GINE" />
		<Option pch_mode="2" />
		<Option compiler="gcc" />
		<Build>
			<Target title="WIN - Debug">
				<Option platforms="Windows;" />
				<Option output="./lib_windows/ngn_d" prefix_auto="1" extension_auto="1" />
				<Option working_dir="" />
				<Option object_output="obj/win_debug/" />
				<Option type="2" />
				<Option compiler="gcc" />
				<Compiler>
					<Add option="-g" />
					<Add option="-DOS_WINDOWS" />
					<Add option="-DMODE_DEBUG" />
					<Add directory="$(CODEBLOCKS)/Libs/sdl2/include" />
					<Add directory="$(CODEBLOCKS)/Libs/sfml/include" />
				</Compiler>
				<Linker>
					<Add library="mingw32" />
					<Add library="SDL2main" />
					<Add library="SDL2" />
					<Add library="SDL2_ttf" />
					<Add library="sfml-audio-d" />
					<Add library="sfml-system-d" />
					<Add directory="$(CODEBLOCKS)/Libs/sdl2/lib" />
					<Add directory="$(CODEBLOCKS)/Libs/sfml/lib" />
				</Linker>
			</Target>
			<Target title="WIN - Release">
				<Option platforms="Windows;" />
				<Option output="./lib_windows/ngn" prefix_auto="1" extension_auto="1" />
				<Option working_dir="" />
				<Option object_output="obj/win_release/" />
				<Option type="2" />
				<Option compiler="gcc" />
				<Compiler>
					<Add option="-O2" />
					<Add option="-DOS_WINDOWS" />
					<Add option="-DMODE_RELEASE" />
					<Add directory="$(CODEBLOCKS)/Libs/sdl2/include" />
					<Add directory="$(CODEBLOCKS)/Libs/sfml/include" />
				</Compiler>
				<Linker>
					<Add option="-s" />
					<Add library="mingw32" />
					<Add library="SDL2main" />
					<Add library="SDL2" />
					<Add library="SDL2_ttf" />
					<Add library="sfml-audio" />
					<Add library="sfml-system" />
					<Add directory="$(CODEBLOCKS)/Libs/sdl2/lib" />
					<Add directory="$(CODEBLOCKS)/Libs/sfml/lib" />
				</Linker>
			</Target>
			<Target title="LINUX - Debug">
				<Option platforms="Unix;" />
				<Option output="./lib_linux/ngn_d" prefix_auto="1" extension_auto="1" />
				<Option working_dir="" />
				<Option object_output="obj/linux_debug/" />
				<Option type="2" />
				<Option compiler="gcc" />
				<Compiler>
					<Add option="-g" />
					<Add option="-DOS_LINUX" />
					<Add option="-DMODE_DEBUG" />
					<Add directory="/usr/include/SDL2" />
					<Add directory="/usr/include" />
				</Compiler>
				<Linker>
					<Add library="SDL2" />
					<Add library="SDL2_ttf" />
					<Add library="sfml-audio" />
					<Add library="sfml-system" />
					<Add directory="/usr/include/SDL2" />
					<Add directory="/usr/include" />
				</Linker>
			</Target>
			<Target title="LINUX - Release">
				<Option platforms="Unix;" />
				<Option output="./lib_linux/ngn" prefix_auto="1" extension_auto="1" />
				<Option working_dir="" />
				<Option object_output="obj/linux_release/" />
				<Option type="2" />
				<Option compiler="gcc" />
				<Compiler>
					<Add option="-O2" />
					<Add option="-DOS_LINUX" />
					<Add option="-DMODE_RELEASE" />
					<Add directory="/usr/include/SDL2" />
					<Add directory="/usr/include" />
				</Compiler>
				<Linker>
					<Add option="-s" />
					<Add library="SDL2" />
					<Add library="SDL2_ttf" />
					<Add library="sfml-audio" />
					<Add library="sfml-system" />
					<Add directory="/usr/include/SDL2" />
					<Add directory="/usr/include" />
				</Linker>
			</Target>
		</Build>
		<Compiler>
			<Add option="-Wall" />
			<Add option="-std=c++17" />
			<Add option="-m64" />
		</Compiler>
		<Linker>
			<Add option="-m64" />
		</Linker>
		<Unit filename="source/config_flags.h" />
		<Unit filename="source/lodepng/lodepng.cpp" />
		<Unit filename="source/lodepng/lodepng.h" />
		<Unit filename="source/ngn.cpp" />
		<Unit filename="source/ngn.h" />
		<Unit filename="source/ngn_audio_clip.cpp" />
		<Unit filename="source/ngn_audio_clip.h" />
		<Unit filename="source/ngn_camera.cpp" />
		<Unit filename="source/ngn_camera.h" />
		<Unit filename="source/ngn_canvas.cpp" />
		<Unit filename="source/ngn_canvas.h" />
		<Unit filename="source/ngn_collisions.cpp" />
		<Unit filename="source/ngn_collisions.h" />
		<Unit filename="source/ngn_defines.cpp" />
		<Unit filename="source/ngn_defines.h" />
		<Unit filename="source/ngn_disk.cpp" />
		<Unit filename="source/ngn_disk.h" />
		<Unit filename="source/ngn_filesystem.cpp" />
		<Unit filename="source/ngn_filesystem.h" />
		<Unit filename="source/ngn_graphics.cpp" />
		<Unit filename="source/ngn_graphics.h" />
		<Unit filename="source/ngn_image.cpp" />
		<Unit filename="source/ngn_image.h" />
		<Unit filename="source/ngn_input.cpp" />
		<Unit filename="source/ngn_input.h" />
		<Unit filename="source/ngn_load.cpp" />
		<Unit filename="source/ngn_load.h" />
		<Unit filename="source/ngn_log.cpp" />
		<Unit filename="source/ngn_log.h" />
		<Unit filename="source/ngn_math.cpp" />
		<Unit filename="source/ngn_math.h" />
		<Unit filename="source/ngn_music_clip.cpp" />
		<Unit filename="source/ngn_music_clip.h" />
		<Unit filename="source/ngn_render.cpp" />
		<Unit filename="source/ngn_render.h" />
		<Unit filename="source/ngn_resources.cpp" />
		<Unit filename="source/ngn_resources.h" />
		<Unit filename="source/ngn_sound.cpp" />
		<Unit filename="source/ngn_sound.h" />
		<Unit filename="source/ngn_sprite.cpp" />
		<Unit filename="source/ngn_sprite.h" />
		<Unit filename="source/ngn_system.cpp" />
		<Unit filename="source/ngn_system.h" />
		<Unit filename="source/ngn_text_layer.cpp" />
		<Unit filename="source/ngn_text_layer.h" />
		<Unit filename="source/ngn_texture.cpp" />
		<Unit filename="source/ngn_texture.h" />
		<Unit filename="source/ngn_tiledbg.cpp" />
		<Unit filename="source/ngn_tiledbg.h" />
		<Unit filename="source/ngn_toolbox.cpp" />
		<Unit filename="source/ngn_toolbox.h" />
		<Extensions />
	</Project>
</CodeBlocks_project_file>
