<?xml version="1.0" encoding="UTF-8" standalone="yes" ?>
<CodeBlocks_project_file>
	<FileVersion major="1" minor="6" />
	<Project>
		<Option title="NGN_CollisionMap" />
		<Option pch_mode="2" />
		<Option compiler="gcc" />
		<Build>
			<Target title="WIN - Debug">
				<Option output="WIN/_NGN_CollisionMap" prefix_auto="1" extension_auto="1" />
				<Option object_output="obj/win_debug/" />
				<Option type="1" />
				<Option compiler="gcc" />
				<Compiler>
					<Add option="-Wextra" />
					<Add option="-m64" />
					<Add option="-g" />
					<Add option="-DOS_WINDOWS" />
					<Add option="-DMODE_DEBUG" />
				</Compiler>
				<Linker>
					<Add option="-m64" />
				</Linker>
			</Target>
			<Target title="WIN - Release">
				<Option output="WIN/NGN_CollisionMap" prefix_auto="1" extension_auto="1" />
				<Option object_output="obj/win_release/" />
				<Option type="1" />
				<Option compiler="gcc" />
				<Option use_console_runner="0" />
				<Compiler>
					<Add option="-O2" />
					<Add option="-m64" />
					<Add option="-DOS_WINDOWS" />
					<Add option="-DMODE_RELEASE" />
				</Compiler>
				<Linker>
					<Add option="-s" />
					<Add option="-m64" />
				</Linker>
			</Target>
			<Target title="LINUX - Debug">
				<Option output="LINUX/_NGN_CollisionMap" prefix_auto="1" extension_auto="1" />
				<Option object_output="obj/linux_debug/" />
				<Option type="1" />
				<Option compiler="gcc" />
				<Compiler>
					<Add option="-Wextra" />
					<Add option="-m64" />
					<Add option="-g" />
					<Add option="-DOS_LINUX" />
					<Add option="-DMODE_DEBUG" />
				</Compiler>
				<Linker>
					<Add option="-m64" />
				</Linker>
			</Target>
			<Target title="LINUX - Release">
				<Option output="LINUX/NGN_CollisionMap" prefix_auto="1" extension_auto="1" />
				<Option object_output="obj/linux_release/" />
				<Option type="1" />
				<Option compiler="gcc" />
				<Option use_console_runner="0" />
				<Compiler>
					<Add option="-O2" />
					<Add option="-m64" />
					<Add option="-DOS_LINUX" />
					<Add option="-DMODE_RELEASE" />
				</Compiler>
				<Linker>
					<Add option="-s" />
					<Add option="-m64" />
				</Linker>
			</Target>
			<Target title="RASPBIAN - Debug">
				<Option output="RASPBIAN/_NGN_CollisionMap_Raspbian" prefix_auto="1" extension_auto="1" />
				<Option object_output="obj/raspbian_debug/" />
				<Option type="1" />
				<Option compiler="gcc" />
				<Compiler>
					<Add option="-Wextra" />
					<Add option="-Og" />
					<Add option="-g" />
					<Add option="-DOS_LINUX" />
					<Add option="-DMODE_DEBUG" />
				</Compiler>
			</Target>
			<Target title="RASPBIAN - Release">
				<Option output="RASPBIAN/NGN_CollisionMap_Raspbian" prefix_auto="1" extension_auto="1" />
				<Option object_output="obj/raspbian_release/" />
				<Option type="1" />
				<Option compiler="gcc" />
				<Option use_console_runner="0" />
				<Compiler>
					<Add option="-O2" />
					<Add option="-DOS_LINUX" />
					<Add option="-DMODE_RELEASE" />
				</Compiler>
				<Linker>
					<Add option="-s" />
				</Linker>
			</Target>
		</Build>
		<Compiler>
			<Add option="-Wall" />
			<Add option="-std=c++20" />
		</Compiler>
		<Unit filename="source/collision_map.cpp" />
		<Unit filename="source/collision_map.h" />
		<Unit filename="source/convert_to_map.cpp" />
		<Unit filename="source/convert_to_map.h" />
		<Unit filename="source/defines.h" />
		<Unit filename="source/fs_manager.cpp" />
		<Unit filename="source/fs_manager.h" />
		<Unit filename="source/lodepng/lodepng.cpp" />
		<Unit filename="source/lodepng/lodepng.h" />
		<Unit filename="source/main.cpp" />
		<Unit filename="source/message.cpp" />
		<Unit filename="source/message.h" />
		<Extensions>
			<lib_finder disable_auto="1" />
		</Extensions>
	</Project>
</CodeBlocks_project_file>
